# THIS IS AN AUTOGENERATED FILE. DO NOT EDIT THIS FILE DIRECTLY.
# yarn lockfile v1


"@types/screeps@^3.3.0":
  version "3.3.0"
  resolved "https://registry.yarnpkg.com/@types/screeps/-/screeps-3.3.0.tgz#f3ea8b7f31e75796fa9e344e7d4a30866932f007"
  integrity sha512-1Fw/U0V0INPS4rS+SpjRi3zswf5cxgwTdNVN0UksWAkuVidS/4NCCx0LHZqvOByx6kP8J+7O9z3SMzK5prz5cA==

lodash@^4.17.21:
  version "4.17.21"
  resolved "https://registry.yarnpkg.com/lodash/-/lodash-4.17.21.tgz#679591c564c3bffaae8454cf0b3df370c3d6911c"
  integrity sha512-v2kDEe57lecTulaDIuNTPy3Ry4gLGJ6Z1O3vE1krgXZNrsQ+LFTGHVxVjcXPs17LhbZVGedAJv8XZ1tvj5FvSg==
